
Microsoft Visual Studio Solution File, Format Version 12.00
# Visual Studio Version 16
VisualStudioVersion = 16.0.30804.86
MinimumVisualStudioVersion = 15.0.26124.0
Project("{9A19103F-16F7-4668-BE54-9A1E7A4F7556}") = "OrceiPdf.Web", "OrceiPdf.Web\OrceiPdf.Web.csproj", "{E2E0F49F-0860-468C-B6F9-CA0BB87984FE}"
EndProject
Project("{9A19103F-16F7-4668-BE54-9A1E7A4F7556}") = "OrceiPdf.Application", "OrceiPdf.Application\OrceiPdf.Application.csproj", "{621A6E51-AA47-4551-865C-5DA0AB1DEE92}"
EndProject
Project("{9A19103F-16F7-4668-BE54-9A1E7A4F7556}") = "OrceiPdf.Domain", "OrceiPdf.Domain\OrceiPdf.Domain.csproj", "{FD96319B-F941-4F27-A403-389E331A3D01}"
EndProject
Project("{9A19103F-16F7-4668-BE54-9A1E7A4F7556}") = "OrceiPdf.Repository", "OrceiPdf.Repository\OrceiPdf.Repository.csproj", "{FD1967B6-B79B-4319-BAC4-4E16C516BEAB}"
EndProject
Project("{2150E333-8FDC-42A3-9474-1A3956D46DE8}") = "4 - Infra", "4 - Infra", "{253953EF-9FFD-45AE-88D7-0B77D5EE6E34}"
EndProject
Project("{2150E333-8FDC-42A3-9474-1A3956D46DE8}") = "IoC", "IoC", "{1C2C2C5E-89D3-4F46-A93F-B83DB60CEC93}"
EndProject
Project("{2150E333-8FDC-42A3-9474-1A3956D46DE8}") = "Data", "Data", "{5149DF10-2D70-4714-91D3-67931EA60C68}"
EndProject
Project("{2150E333-8FDC-42A3-9474-1A3956D46DE8}") = "2 - Application", "2 - Application", "{0C3BC745-CE8C-4E1F-9D10-96C5D7207FEC}"
EndProject
Project("{2150E333-8FDC-42A3-9474-1A3956D46DE8}") = "3 - Domain", "3 - Domain", "{E9759752-859A-4500-8BA0-5C3238F1038B}"
EndProject
Project("{9A19103F-16F7-4668-BE54-9A1E7A4F7556}") = "OrceiPdf.IoC", "OrceiPdf.IoC\OrceiPdf.IoC.csproj", "{1B3C689F-DEE8-48BE-BEB1-0A8B7A611CBF}"
EndProject
Project("{2150E333-8FDC-42A3-9474-1A3956D46DE8}") = "1 - Presentation", "1 - Presentation", "{897BA1A3-9D96-4DE5-849D-F17A23A71DE8}"
EndProject
Global
	GlobalSection(SolutionConfigurationPlatforms) = preSolution
		Debug|Any CPU = Debug|Any CPU
		Debug|x64 = Debug|x64
		Debug|x86 = Debug|x86
		Release|Any CPU = Release|Any CPU
		Release|x64 = Release|x64
		Release|x86 = Release|x86
	EndGlobalSection
	GlobalSection(ProjectConfigurationPlatforms) = postSolution
		{E2E0F49F-0860-468C-B6F9-CA0BB87984FE}.Debug|Any CPU.ActiveCfg = Debug|Any CPU
		{E2E0F49F-0860-468C-B6F9-CA0BB87984FE}.Debug|Any CPU.Build.0 = Debug|Any CPU
		{E2E0F49F-0860-468C-B6F9-CA0BB87984FE}.Debug|x64.ActiveCfg = Debug|Any CPU
		{E2E0F49F-0860-468C-B6F9-CA0BB87984FE}.Debug|x64.Build.0 = Debug|Any CPU
		{E2E0F49F-0860-468C-B6F9-CA0BB87984FE}.Debug|x86.ActiveCfg = Debug|Any CPU
		{E2E0F49F-0860-468C-B6F9-CA0BB87984FE}.Debug|x86.Build.0 = Debug|Any CPU
		{E2E0F49F-0860-468C-B6F9-CA0BB87984FE}.Release|Any CPU.ActiveCfg = Release|Any CPU
		{E2E0F49F-0860-468C-B6F9-CA0BB87984FE}.Release|Any CPU.Build.0 = Release|Any CPU
		{E2E0F49F-0860-468C-B6F9-CA0BB87984FE}.Release|x64.ActiveCfg = Release|Any CPU
		{E2E0F49F-0860-468C-B6F9-CA0BB87984FE}.Release|x64.Build.0 = Release|Any CPU
		{E2E0F49F-0860-468C-B6F9-CA0BB87984FE}.Release|x86.ActiveCfg = Release|Any CPU
		{E2E0F49F-0860-468C-B6F9-CA0BB87984FE}.Release|x86.Build.0 = Release|Any CPU
		{621A6E51-AA47-4551-865C-5DA0AB1DEE92}.Debug|Any CPU.ActiveCfg = Debug|Any CPU
		{621A6E51-AA47-4551-865C-5DA0AB1DEE92}.Debug|Any CPU.Build.0 = Debug|Any CPU
		{621A6E51-AA47-4551-865C-5DA0AB1DEE92}.Debug|x64.ActiveCfg = Debug|Any CPU
		{621A6E51-AA47-4551-865C-5DA0AB1DEE92}.Debug|x64.Build.0 = Debug|Any CPU
		{621A6E51-AA47-4551-865C-5DA0AB1DEE92}.Debug|x86.ActiveCfg = Debug|Any CPU
		{621A6E51-AA47-4551-865C-5DA0AB1DEE92}.Debug|x86.Build.0 = Debug|Any CPU
		{621A6E51-AA47-4551-865C-5DA0AB1DEE92}.Release|Any CPU.ActiveCfg = Release|Any CPU
		{621A6E51-AA47-4551-865C-5DA0AB1DEE92}.Release|Any CPU.Build.0 = Release|Any CPU
		{621A6E51-AA47-4551-865C-5DA0AB1DEE92}.Release|x64.ActiveCfg = Release|Any CPU
		{621A6E51-AA47-4551-865C-5DA0AB1DEE92}.Release|x64.Build.0 = Release|Any CPU
		{621A6E51-AA47-4551-865C-5DA0AB1DEE92}.Release|x86.ActiveCfg = Release|Any CPU
		{621A6E51-AA47-4551-865C-5DA0AB1DEE92}.Release|x86.Build.0 = Release|Any CPU
		{FD96319B-F941-4F27-A403-389E331A3D01}.Debug|Any CPU.ActiveCfg = Debug|Any CPU
		{FD96319B-F941-4F27-A403-389E331A3D01}.Debug|Any CPU.Build.0 = Debug|Any CPU
		{FD96319B-F941-4F27-A403-389E331A3D01}.Debug|x64.ActiveCfg = Debug|Any CPU
		{FD96319B-F941-4F27-A403-389E331A3D01}.Debug|x64.Build.0 = Debug|Any CPU
		{FD96319B-F941-4F27-A403-389E331A3D01}.Debug|x86.ActiveCfg = Debug|Any CPU
		{FD96319B-F941-4F27-A403-389E331A3D01}.Debug|x86.Build.0 = Debug|Any CPU
		{FD96319B-F941-4F27-A403-389E331A3D01}.Release|Any CPU.ActiveCfg = Release|Any CPU
		{FD96319B-F941-4F27-A403-389E331A3D01}.Release|Any CPU.Build.0 = Release|Any CPU
		{FD96319B-F941-4F27-A403-389E331A3D01}.Release|x64.ActiveCfg = Release|Any CPU
		{FD96319B-F941-4F27-A403-389E331A3D01}.Release|x64.Build.0 = Release|Any CPU
		{FD96319B-F941-4F27-A403-389E331A3D01}.Release|x86.ActiveCfg = Release|Any CPU
		{FD96319B-F941-4F27-A403-389E331A3D01}.Release|x86.Build.0 = Release|Any CPU
		{FD1967B6-B79B-4319-BAC4-4E16C516BEAB}.Debug|Any CPU.ActiveCfg = Debug|Any CPU
		{FD1967B6-B79B-4319-BAC4-4E16C516BEAB}.Debug|Any CPU.Build.0 = Debug|Any CPU
		{FD1967B6-B79B-4319-BAC4-4E16C516BEAB}.Debug|x64.ActiveCfg = Debug|Any CPU
		{FD1967B6-B79B-4319-BAC4-4E16C516BEAB}.Debug|x64.Build.0 = Debug|Any CPU
		{FD1967B6-B79B-4319-BAC4-4E16C516BEAB}.Debug|x86.ActiveCfg = Debug|Any CPU
		{FD1967B6-B79B-4319-BAC4-4E16C516BEAB}.Debug|x86.Build.0 = Debug|Any CPU
		{FD1967B6-B79B-4319-BAC4-4E16C516BEAB}.Release|Any CPU.ActiveCfg = Release|Any CPU
		{FD1967B6-B79B-4319-BAC4-4E16C516BEAB}.Release|Any CPU.Build.0 = Release|Any CPU
		{FD1967B6-B79B-4319-BAC4-4E16C516BEAB}.Release|x64.ActiveCfg = Release|Any CPU
		{FD1967B6-B79B-4319-BAC4-4E16C516BEAB}.Release|x64.Build.0 = Release|Any CPU
		{FD1967B6-B79B-4319-BAC4-4E16C516BEAB}.Release|x86.ActiveCfg = Release|Any CPU
		{FD1967B6-B79B-4319-BAC4-4E16C516BEAB}.Release|x86.Build.0 = Release|Any CPU
		{1B3C689F-DEE8-48BE-BEB1-0A8B7A611CBF}.Debug|Any CPU.ActiveCfg = Debug|Any CPU
		{1B3C689F-DEE8-48BE-BEB1-0A8B7A611CBF}.Debug|Any CPU.Build.0 = Debug|Any CPU
		{1B3C689F-DEE8-48BE-BEB1-0A8B7A611CBF}.Debug|x64.ActiveCfg = Debug|Any CPU
		{1B3C689F-DEE8-48BE-BEB1-0A8B7A611CBF}.Debug|x64.Build.0 = Debug|Any CPU
		{1B3C689F-DEE8-48BE-BEB1-0A8B7A611CBF}.Debug|x86.ActiveCfg = Debug|Any CPU
		{1B3C689F-DEE8-48BE-BEB1-0A8B7A611CBF}.Debug|x86.Build.0 = Debug|Any CPU
		{1B3C689F-DEE8-48BE-BEB1-0A8B7A611CBF}.Release|Any CPU.ActiveCfg = Release|Any CPU
		{1B3C689F-DEE8-48BE-BEB1-0A8B7A611CBF}.Release|Any CPU.Build.0 = Release|Any CPU
		{1B3C689F-DEE8-48BE-BEB1-0A8B7A611CBF}.Release|x64.ActiveCfg = Release|Any CPU
		{1B3C689F-DEE8-48BE-BEB1-0A8B7A611CBF}.Release|x64.Build.0 = Release|Any CPU
		{1B3C689F-DEE8-48BE-BEB1-0A8B7A611CBF}.Release|x86.ActiveCfg = Release|Any CPU
		{1B3C689F-DEE8-48BE-BEB1-0A8B7A611CBF}.Release|x86.Build.0 = Release|Any CPU
	EndGlobalSection
	GlobalSection(SolutionProperties) = preSolution
		HideSolutionNode = FALSE
	EndGlobalSection
	GlobalSection(NestedProjects) = preSolution
		{E2E0F49F-0860-468C-B6F9-CA0BB87984FE} = {897BA1A3-9D96-4DE5-849D-F17A23A71DE8}
		{621A6E51-AA47-4551-865C-5DA0AB1DEE92} = {0C3BC745-CE8C-4E1F-9D10-96C5D7207FEC}
		{FD96319B-F941-4F27-A403-389E331A3D01} = {E9759752-859A-4500-8BA0-5C3238F1038B}
		{FD1967B6-B79B-4319-BAC4-4E16C516BEAB} = {5149DF10-2D70-4714-91D3-67931EA60C68}
		{1C2C2C5E-89D3-4F46-A93F-B83DB60CEC93} = {253953EF-9FFD-45AE-88D7-0B77D5EE6E34}
		{5149DF10-2D70-4714-91D3-67931EA60C68} = {253953EF-9FFD-45AE-88D7-0B77D5EE6E34}
		{1B3C689F-DEE8-48BE-BEB1-0A8B7A611CBF} = {1C2C2C5E-89D3-4F46-A93F-B83DB60CEC93}
	EndGlobalSection
	GlobalSection(ExtensibilityGlobals) = postSolution
		SolutionGuid = {80E08D32-18B3-47CF-A2E9-9875D1791D10}
	EndGlobalSection
EndGlobal
